{
  "name": "@sebastbake/pleb-component",
  "version": "0.0.0",
  "lockfileVersion": 1,
  "requires": true,
  "dependencies": {
    "@sebastbake/h": {
      "version": "1.1.0",
      "resolved": "https://registry.npmjs.org/@sebastbake/h/-/h-1.1.0.tgz",
      "integrity": "sha512-UmMYysZxo/RMgHAfmMs4eQL6JGVxJLmWFpIadAwO7PQKlBvAI0UIAI/JTyPNK/YRlBLDsX8PQ3/L7uF+w3PQvg=="
    },
    "morphdom": {
      "version": "2.6.1",
      "resolved": "https://registry.npmjs.org/morphdom/-/morphdom-2.6.1.tgz",
      "integrity": "sha512-Y8YRbAEP3eKykroIBWrjcfMw7mmwJfjhqdpSvoqinu8Y702nAwikpXcNFDiIkyvfCLxLM9Wu95RZqo4a9jFBaA=="
    },
    "typescript": {
      "version": "4.1.0-dev.20201102",
      "resolved": "https://registry.npmjs.org/typescript/-/typescript-4.1.0-dev.20201102.tgz",
      "integrity": "sha512-kyL2MUGRx69NgowtHpnabYzNA3N8CR+XW51kL9my6MfSXyrojytW5P4YmaayHGQhWLRmzzdDvHfkf2PQBHgbUw==",
      "dev": true
    }
  }
}
